
Microsoft Visual Studio Solution File, Format Version 12.00
# Visual Studio Version 17
VisualStudioVersion = 17.1.32421.90
MinimumVisualStudioVersion = 10.0.40219.1
Project("{FAE04EC0-301F-11D3-BF4B-00C04F79EFBC}") = "MVVMTutorial.Android", "MVVMTutorial\MVVMTutorial.Android\MVVMTutorial.Android.csproj", "{123DEE7F-1465-42DD-9DCC-41117E7EBF77}"
EndProject
Project("{FAE04EC0-301F-11D3-BF4B-00C04F79EFBC}") = "MVVMTutorial.iOS", "MVVMTutorial\MVVMTutorial.iOS\MVVMTutorial.iOS.csproj", "{240769E9-1164-4D89-959F-3DD7DD6200AB}"
EndProject
Project("{FAE04EC0-301F-11D3-BF4B-00C04F79EFBC}") = "MVVMTutorial", "MVVMTutorial\MVVMTutorial\MVVMTutorial.csproj", "{515D3662-6597-4A52-B859-50BA6DCA01F9}"
EndProject
Global
	GlobalSection(SolutionConfigurationPlatforms) = preSolution
		Debug|Any CPU = Debug|Any CPU
		Debug|iPhone = Debug|iPhone
		Debug|iPhoneSimulator = Debug|iPhoneSimulator
		Release|Any CPU = Release|Any CPU
		Release|iPhone = Release|iPhone
		Release|iPhoneSimulator = Release|iPhoneSimulator
	EndGlobalSection
	GlobalSection(ProjectConfigurationPlatforms) = postSolution
		{123DEE7F-1465-42DD-9DCC-41117E7EBF77}.Debug|Any CPU.ActiveCfg = Debug|Any CPU
		{123DEE7F-1465-42DD-9DCC-41117E7EBF77}.Debug|Any CPU.Build.0 = Debug|Any CPU
		{123DEE7F-1465-42DD-9DCC-41117E7EBF77}.Debug|Any CPU.Deploy.0 = Debug|Any CPU
		{123DEE7F-1465-42DD-9DCC-41117E7EBF77}.Debug|iPhone.ActiveCfg = Debug|Any CPU
		{123DEE7F-1465-42DD-9DCC-41117E7EBF77}.Debug|iPhone.Build.0 = Debug|Any CPU
		{123DEE7F-1465-42DD-9DCC-41117E7EBF77}.Debug|iPhone.Deploy.0 = Debug|Any CPU
		{123DEE7F-1465-42DD-9DCC-41117E7EBF77}.Debug|iPhoneSimulator.ActiveCfg = Debug|Any CPU
		{123DEE7F-1465-42DD-9DCC-41117E7EBF77}.Debug|iPhoneSimulator.Build.0 = Debug|Any CPU
		{123DEE7F-1465-42DD-9DCC-41117E7EBF77}.Debug|iPhoneSimulator.Deploy.0 = Debug|Any CPU
		{123DEE7F-1465-42DD-9DCC-41117E7EBF77}.Release|Any CPU.ActiveCfg = Release|Any CPU
		{123DEE7F-1465-42DD-9DCC-41117E7EBF77}.Release|Any CPU.Build.0 = Release|Any CPU
		{123DEE7F-1465-42DD-9DCC-41117E7EBF77}.Release|Any CPU.Deploy.0 = Release|Any CPU
		{123DEE7F-1465-42DD-9DCC-41117E7EBF77}.Release|iPhone.ActiveCfg = Release|Any CPU
		{123DEE7F-1465-42DD-9DCC-41117E7EBF77}.Release|iPhone.Build.0 = Release|Any CPU
		{123DEE7F-1465-42DD-9DCC-41117E7EBF77}.Release|iPhone.Deploy.0 = Release|Any CPU
		{123DEE7F-1465-42DD-9DCC-41117E7EBF77}.Release|iPhoneSimulator.ActiveCfg = Release|Any CPU
		{123DEE7F-1465-42DD-9DCC-41117E7EBF77}.Release|iPhoneSimulator.Build.0 = Release|Any CPU
		{123DEE7F-1465-42DD-9DCC-41117E7EBF77}.Release|iPhoneSimulator.Deploy.0 = Release|Any CPU
		{240769E9-1164-4D89-959F-3DD7DD6200AB}.Debug|Any CPU.ActiveCfg = Debug|iPhone
		{240769E9-1164-4D89-959F-3DD7DD6200AB}.Debug|Any CPU.Build.0 = Debug|iPhone
		{240769E9-1164-4D89-959F-3DD7DD6200AB}.Debug|Any CPU.Deploy.0 = Debug|iPhone
		{240769E9-1164-4D89-959F-3DD7DD6200AB}.Debug|iPhone.ActiveCfg = Debug|iPhone
		{240769E9-1164-4D89-959F-3DD7DD6200AB}.Debug|iPhone.Build.0 = Debug|iPhone
		{240769E9-1164-4D89-959F-3DD7DD6200AB}.Debug|iPhone.Deploy.0 = Debug|iPhone
		{240769E9-1164-4D89-959F-3DD7DD6200AB}.Debug|iPhoneSimulator.ActiveCfg = Debug|iPhoneSimulator
		{240769E9-1164-4D89-959F-3DD7DD6200AB}.Debug|iPhoneSimulator.Build.0 = Debug|iPhoneSimulator
		{240769E9-1164-4D89-959F-3DD7DD6200AB}.Debug|iPhoneSimulator.Deploy.0 = Debug|iPhoneSimulator
		{240769E9-1164-4D89-959F-3DD7DD6200AB}.Release|Any CPU.ActiveCfg = Release|iPhoneSimulator
		{240769E9-1164-4D89-959F-3DD7DD6200AB}.Release|Any CPU.Build.0 = Release|iPhoneSimulator
		{240769E9-1164-4D89-959F-3DD7DD6200AB}.Release|Any CPU.Deploy.0 = Release|iPhoneSimulator
		{240769E9-1164-4D89-959F-3DD7DD6200AB}.Release|iPhone.ActiveCfg = Release|iPhone
		{240769E9-1164-4D89-959F-3DD7DD6200AB}.Release|iPhone.Build.0 = Release|iPhone
		{240769E9-1164-4D89-959F-3DD7DD6200AB}.Release|iPhone.Deploy.0 = Release|iPhone
		{240769E9-1164-4D89-959F-3DD7DD6200AB}.Release|iPhoneSimulator.ActiveCfg = Release|iPhoneSimulator
		{240769E9-1164-4D89-959F-3DD7DD6200AB}.Release|iPhoneSimulator.Build.0 = Release|iPhoneSimulator
		{240769E9-1164-4D89-959F-3DD7DD6200AB}.Release|iPhoneSimulator.Deploy.0 = Release|iPhoneSimulator
		{515D3662-6597-4A52-B859-50BA6DCA01F9}.Debug|Any CPU.ActiveCfg = Debug|Any CPU
		{515D3662-6597-4A52-B859-50BA6DCA01F9}.Debug|Any CPU.Build.0 = Debug|Any CPU
		{515D3662-6597-4A52-B859-50BA6DCA01F9}.Debug|Any CPU.Deploy.0 = Debug|Any CPU
		{515D3662-6597-4A52-B859-50BA6DCA01F9}.Debug|iPhone.ActiveCfg = Debug|Any CPU
		{515D3662-6597-4A52-B859-50BA6DCA01F9}.Debug|iPhone.Build.0 = Debug|Any CPU
		{515D3662-6597-4A52-B859-50BA6DCA01F9}.Debug|iPhone.Deploy.0 = Debug|Any CPU
		{515D3662-6597-4A52-B859-50BA6DCA01F9}.Debug|iPhoneSimulator.ActiveCfg = Debug|Any CPU
		{515D3662-6597-4A52-B859-50BA6DCA01F9}.Debug|iPhoneSimulator.Build.0 = Debug|Any CPU
		{515D3662-6597-4A52-B859-50BA6DCA01F9}.Debug|iPhoneSimulator.Deploy.0 = Debug|Any CPU
		{515D3662-6597-4A52-B859-50BA6DCA01F9}.Release|Any CPU.ActiveCfg = Release|Any CPU
		{515D3662-6597-4A52-B859-50BA6DCA01F9}.Release|Any CPU.Build.0 = Release|Any CPU
		{515D3662-6597-4A52-B859-50BA6DCA01F9}.Release|Any CPU.Deploy.0 = Release|Any CPU
		{515D3662-6597-4A52-B859-50BA6DCA01F9}.Release|iPhone.ActiveCfg = Release|Any CPU
		{515D3662-6597-4A52-B859-50BA6DCA01F9}.Release|iPhone.Build.0 = Release|Any CPU
		{515D3662-6597-4A52-B859-50BA6DCA01F9}.Release|iPhone.Deploy.0 = Release|Any CPU
		{515D3662-6597-4A52-B859-50BA6DCA01F9}.Release|iPhoneSimulator.ActiveCfg = Release|Any CPU
		{515D3662-6597-4A52-B859-50BA6DCA01F9}.Release|iPhoneSimulator.Build.0 = Release|Any CPU
		{515D3662-6597-4A52-B859-50BA6DCA01F9}.Release|iPhoneSimulator.Deploy.0 = Release|Any CPU
	EndGlobalSection
	GlobalSection(SolutionProperties) = preSolution
		HideSolutionNode = FALSE
	EndGlobalSection
	GlobalSection(ExtensibilityGlobals) = postSolution
		SolutionGuid = {30E7FB9E-C465-4111-ADD6-3E5C2A6EE0A6}
	EndGlobalSection
EndGlobal
